
Microsoft Visual Studio Solution File, Format Version 12.00
# Visual Studio Version 17
VisualStudioVersion = 17.0.31903.59
MinimumVisualStudioVersion = 10.0.40219.1
Project("{9A19103F-16F7-4668-BE54-9A1E7A4F7556}") = "IW5Forms.Api.App", "IW5Forms.Api.App\IW5Forms.Api.App.csproj", "{A46225D4-2EC7-418B-888A-221DC619EDB8}"
EndProject
Project("{2150E333-8FDC-42A3-9474-1A3956D46DE8}") = "Api", "Api", "{BAE9B267-B084-4708-90FA-11BD9ABD9CF2}"
EndProject
Project("{2150E333-8FDC-42A3-9474-1A3956D46DE8}") = "Common", "Common", "{91B03F69-54FD-4366-ABAD-520928CF09E6}"
EndProject
Project("{2150E333-8FDC-42A3-9474-1A3956D46DE8}") = "Web", "Web", "{A7359339-E654-4120-8959-520E7CF4B7EB}"
EndProject
Project("{2150E333-8FDC-42A3-9474-1A3956D46DE8}") = "BL", "BL", "{18929EA9-882F-42DF-8554-A50B9BBBF3B5}"
EndProject
Project("{9A19103F-16F7-4668-BE54-9A1E7A4F7556}") = "IW5Forms.Common", "IW5Forms.Common\IW5Forms.Common.csproj", "{B50418D1-32DA-4543-B0CC-568AD1FF6C07}"
EndProject
Project("{9A19103F-16F7-4668-BE54-9A1E7A4F7556}") = "IW5Forms.Common.BL", "IW5Forms.Common.BL\IW5Forms.Common.BL.csproj", "{9D59A387-B27C-4547-864C-BC21C2EB02C2}"
EndProject
Project("{9A19103F-16F7-4668-BE54-9A1E7A4F7556}") = "IW5Forms.Common.Models", "IW5Forms.Common.Models\IW5Forms.Common.Models.csproj", "{54D45EBA-454D-48C2-A712-E6E351709122}"
EndProject
Project("{9A19103F-16F7-4668-BE54-9A1E7A4F7556}") = "IW5Forms.Api.BL", "IW5Forms.Api.BL\IW5Forms.Api.BL.csproj", "{0EB3C81F-7F2E-48C8-A207-E5C3554907D7}"
EndProject
Project("{9A19103F-16F7-4668-BE54-9A1E7A4F7556}") = "IW5Forms.Api.DAL.Common", "IW5Forms.Api.DAL.Common\IW5Forms.Api.DAL.Common.csproj", "{7859A17B-A1B2-41EF-BDEC-D5FDA9C006BD}"
EndProject
Project("{9A19103F-16F7-4668-BE54-9A1E7A4F7556}") = "IW5Forms.Api.DAL.EF", "IW5Forms.Api.DAL.EF\IW5Forms.Api.DAL.EF.csproj", "{F8064091-16A7-40F0-97D1-BD80062F836F}"
EndProject
Project("{2150E333-8FDC-42A3-9474-1A3956D46DE8}") = "DAL", "DAL", "{BDA4F1F6-525A-45F2-AA6D-860EA8EBF7AE}"
EndProject
Project("{9A19103F-16F7-4668-BE54-9A1E7A4F7556}") = "IW5Forms.API.DAL", "IW5Forms.API.DAL\IW5Forms.API.DAL.csproj", "{C911009C-0669-4DFF-9FCF-6FBBC8627185}"
EndProject
Project("{9A19103F-16F7-4668-BE54-9A1E7A4F7556}") = "IW5Forms.Api.BL.UnitTests", "IW5Forms.Api.BL.UnitTests\IW5Forms.Api.BL.UnitTests.csproj", "{0D7C2FB9-33B1-40F8-B55F-A15AE20EF952}"
EndProject
Project("{FAE04EC0-301F-11D3-BF4B-00C04F79EFBC}") = "IW5Forms.Api.DAL.IntegrationTests", "IW5Forms.Api.DAL.IntegrationTests\IW5Forms.Api.DAL.IntegrationTests.csproj", "{208C666B-5451-4BCA-8A25-BAAD7593B891}"
EndProject
Project("{FAE04EC0-301F-11D3-BF4B-00C04F79EFBC}") = "IW5Forms.Api.DAL.Memory", "IW5Forms.Api.DAL.Memory\IW5Forms.Api.DAL.Memory.csproj", "{A772BDD9-9DF5-4C05-B1A1-0A76B3A2FE9E}"
EndProject
Global
	GlobalSection(SolutionConfigurationPlatforms) = preSolution
		Debug|Any CPU = Debug|Any CPU
		Release|Any CPU = Release|Any CPU
	EndGlobalSection
	GlobalSection(ProjectConfigurationPlatforms) = postSolution
		{A46225D4-2EC7-418B-888A-221DC619EDB8}.Debug|Any CPU.ActiveCfg = Debug|Any CPU
		{A46225D4-2EC7-418B-888A-221DC619EDB8}.Debug|Any CPU.Build.0 = Debug|Any CPU
		{A46225D4-2EC7-418B-888A-221DC619EDB8}.Release|Any CPU.ActiveCfg = Release|Any CPU
		{A46225D4-2EC7-418B-888A-221DC619EDB8}.Release|Any CPU.Build.0 = Release|Any CPU
		{B50418D1-32DA-4543-B0CC-568AD1FF6C07}.Debug|Any CPU.ActiveCfg = Debug|Any CPU
		{B50418D1-32DA-4543-B0CC-568AD1FF6C07}.Debug|Any CPU.Build.0 = Debug|Any CPU
		{B50418D1-32DA-4543-B0CC-568AD1FF6C07}.Release|Any CPU.ActiveCfg = Release|Any CPU
		{B50418D1-32DA-4543-B0CC-568AD1FF6C07}.Release|Any CPU.Build.0 = Release|Any CPU
		{9D59A387-B27C-4547-864C-BC21C2EB02C2}.Debug|Any CPU.ActiveCfg = Debug|Any CPU
		{9D59A387-B27C-4547-864C-BC21C2EB02C2}.Debug|Any CPU.Build.0 = Debug|Any CPU
		{9D59A387-B27C-4547-864C-BC21C2EB02C2}.Release|Any CPU.ActiveCfg = Release|Any CPU
		{9D59A387-B27C-4547-864C-BC21C2EB02C2}.Release|Any CPU.Build.0 = Release|Any CPU
		{54D45EBA-454D-48C2-A712-E6E351709122}.Debug|Any CPU.ActiveCfg = Debug|Any CPU
		{54D45EBA-454D-48C2-A712-E6E351709122}.Debug|Any CPU.Build.0 = Debug|Any CPU
		{54D45EBA-454D-48C2-A712-E6E351709122}.Release|Any CPU.ActiveCfg = Release|Any CPU
		{54D45EBA-454D-48C2-A712-E6E351709122}.Release|Any CPU.Build.0 = Release|Any CPU
		{0EB3C81F-7F2E-48C8-A207-E5C3554907D7}.Debug|Any CPU.ActiveCfg = Debug|Any CPU
		{0EB3C81F-7F2E-48C8-A207-E5C3554907D7}.Debug|Any CPU.Build.0 = Debug|Any CPU
		{0EB3C81F-7F2E-48C8-A207-E5C3554907D7}.Release|Any CPU.ActiveCfg = Release|Any CPU
		{0EB3C81F-7F2E-48C8-A207-E5C3554907D7}.Release|Any CPU.Build.0 = Release|Any CPU
		{7859A17B-A1B2-41EF-BDEC-D5FDA9C006BD}.Debug|Any CPU.ActiveCfg = Debug|Any CPU
		{7859A17B-A1B2-41EF-BDEC-D5FDA9C006BD}.Debug|Any CPU.Build.0 = Debug|Any CPU
		{7859A17B-A1B2-41EF-BDEC-D5FDA9C006BD}.Release|Any CPU.ActiveCfg = Release|Any CPU
		{7859A17B-A1B2-41EF-BDEC-D5FDA9C006BD}.Release|Any CPU.Build.0 = Release|Any CPU
		{F8064091-16A7-40F0-97D1-BD80062F836F}.Debug|Any CPU.ActiveCfg = Debug|Any CPU
		{F8064091-16A7-40F0-97D1-BD80062F836F}.Debug|Any CPU.Build.0 = Debug|Any CPU
		{F8064091-16A7-40F0-97D1-BD80062F836F}.Release|Any CPU.ActiveCfg = Release|Any CPU
		{F8064091-16A7-40F0-97D1-BD80062F836F}.Release|Any CPU.Build.0 = Release|Any CPU
		{C911009C-0669-4DFF-9FCF-6FBBC8627185}.Debug|Any CPU.ActiveCfg = Debug|Any CPU
		{C911009C-0669-4DFF-9FCF-6FBBC8627185}.Debug|Any CPU.Build.0 = Debug|Any CPU
		{C911009C-0669-4DFF-9FCF-6FBBC8627185}.Release|Any CPU.ActiveCfg = Release|Any CPU
		{C911009C-0669-4DFF-9FCF-6FBBC8627185}.Release|Any CPU.Build.0 = Release|Any CPU
		{0D7C2FB9-33B1-40F8-B55F-A15AE20EF952}.Debug|Any CPU.ActiveCfg = Debug|Any CPU
		{0D7C2FB9-33B1-40F8-B55F-A15AE20EF952}.Debug|Any CPU.Build.0 = Debug|Any CPU
		{0D7C2FB9-33B1-40F8-B55F-A15AE20EF952}.Release|Any CPU.ActiveCfg = Release|Any CPU
		{0D7C2FB9-33B1-40F8-B55F-A15AE20EF952}.Release|Any CPU.Build.0 = Release|Any CPU
		{208C666B-5451-4BCA-8A25-BAAD7593B891}.Debug|Any CPU.ActiveCfg = Debug|Any CPU
		{208C666B-5451-4BCA-8A25-BAAD7593B891}.Debug|Any CPU.Build.0 = Debug|Any CPU
		{208C666B-5451-4BCA-8A25-BAAD7593B891}.Release|Any CPU.ActiveCfg = Release|Any CPU
		{208C666B-5451-4BCA-8A25-BAAD7593B891}.Release|Any CPU.Build.0 = Release|Any CPU
		{A772BDD9-9DF5-4C05-B1A1-0A76B3A2FE9E}.Debug|Any CPU.ActiveCfg = Debug|Any CPU
		{A772BDD9-9DF5-4C05-B1A1-0A76B3A2FE9E}.Debug|Any CPU.Build.0 = Debug|Any CPU
		{A772BDD9-9DF5-4C05-B1A1-0A76B3A2FE9E}.Release|Any CPU.ActiveCfg = Release|Any CPU
		{A772BDD9-9DF5-4C05-B1A1-0A76B3A2FE9E}.Release|Any CPU.Build.0 = Release|Any CPU
	EndGlobalSection
	GlobalSection(SolutionProperties) = preSolution
		HideSolutionNode = FALSE
	EndGlobalSection
	GlobalSection(NestedProjects) = preSolution
		{A46225D4-2EC7-418B-888A-221DC619EDB8} = {BAE9B267-B084-4708-90FA-11BD9ABD9CF2}
		{18929EA9-882F-42DF-8554-A50B9BBBF3B5} = {BAE9B267-B084-4708-90FA-11BD9ABD9CF2}
		{B50418D1-32DA-4543-B0CC-568AD1FF6C07} = {91B03F69-54FD-4366-ABAD-520928CF09E6}
		{9D59A387-B27C-4547-864C-BC21C2EB02C2} = {91B03F69-54FD-4366-ABAD-520928CF09E6}
		{54D45EBA-454D-48C2-A712-E6E351709122} = {91B03F69-54FD-4366-ABAD-520928CF09E6}
		{0EB3C81F-7F2E-48C8-A207-E5C3554907D7} = {18929EA9-882F-42DF-8554-A50B9BBBF3B5}
		{7859A17B-A1B2-41EF-BDEC-D5FDA9C006BD} = {BDA4F1F6-525A-45F2-AA6D-860EA8EBF7AE}
		{F8064091-16A7-40F0-97D1-BD80062F836F} = {BDA4F1F6-525A-45F2-AA6D-860EA8EBF7AE}
		{BDA4F1F6-525A-45F2-AA6D-860EA8EBF7AE} = {BAE9B267-B084-4708-90FA-11BD9ABD9CF2}
		{C911009C-0669-4DFF-9FCF-6FBBC8627185} = {BDA4F1F6-525A-45F2-AA6D-860EA8EBF7AE}
		{0D7C2FB9-33B1-40F8-B55F-A15AE20EF952} = {18929EA9-882F-42DF-8554-A50B9BBBF3B5}
		{208C666B-5451-4BCA-8A25-BAAD7593B891} = {BDA4F1F6-525A-45F2-AA6D-860EA8EBF7AE}
		{A772BDD9-9DF5-4C05-B1A1-0A76B3A2FE9E} = {BDA4F1F6-525A-45F2-AA6D-860EA8EBF7AE}
	EndGlobalSection
	GlobalSection(ExtensibilityGlobals) = postSolution
		SolutionGuid = {D2626EFD-F097-45EC-99B0-99351AA3A4B8}
	EndGlobalSection
EndGlobal
